
Microsoft Visual Studio Solution File, Format Version 12.00
# Visual Studio Version 16
VisualStudioVersion = 16.0.30114.105
MinimumVisualStudioVersion = 10.0.40219.1
Project("{9A19103F-16F7-4668-BE54-9A1E7A4F7556}") = "R5T.Z0000", "R5T.Z0000\R5T.Z0000.csproj", "{951672FC-A4D6-4F42-98B6-2E7FC5C0F30B}"
EndProject
Project("{2150E333-8FDC-42A3-9474-1A3956D46DE8}") = "_Dependencies", "_Dependencies", "{93DF4C7B-45E5-43C2-B505-25D8B8277019}"
EndProject
Project("{9A19103F-16F7-4668-BE54-9A1E7A4F7556}") = "R5T.T0131", "..\..\R5T.T0131\source\R5T.T0131\R5T.T0131.csproj", "{1EB071BA-6152-40C6-981C-30FDBD6A3A8A}"
EndProject
Global
	GlobalSection(SolutionConfigurationPlatforms) = preSolution
		Debug|Any CPU = Debug|Any CPU
		Debug|x64 = Debug|x64
		Debug|x86 = Debug|x86
		Release|Any CPU = Release|Any CPU
		Release|x64 = Release|x64
		Release|x86 = Release|x86
	EndGlobalSection
	GlobalSection(ProjectConfigurationPlatforms) = postSolution
		{951672FC-A4D6-4F42-98B6-2E7FC5C0F30B}.Debug|Any CPU.ActiveCfg = Debug|Any CPU
		{951672FC-A4D6-4F42-98B6-2E7FC5C0F30B}.Debug|Any CPU.Build.0 = Debug|Any CPU
		{951672FC-A4D6-4F42-98B6-2E7FC5C0F30B}.Debug|x64.ActiveCfg = Debug|Any CPU
		{951672FC-A4D6-4F42-98B6-2E7FC5C0F30B}.Debug|x64.Build.0 = Debug|Any CPU
		{951672FC-A4D6-4F42-98B6-2E7FC5C0F30B}.Debug|x86.ActiveCfg = Debug|Any CPU
		{951672FC-A4D6-4F42-98B6-2E7FC5C0F30B}.Debug|x86.Build.0 = Debug|Any CPU
		{951672FC-A4D6-4F42-98B6-2E7FC5C0F30B}.Release|Any CPU.ActiveCfg = Release|Any CPU
		{951672FC-A4D6-4F42-98B6-2E7FC5C0F30B}.Release|Any CPU.Build.0 = Release|Any CPU
		{951672FC-A4D6-4F42-98B6-2E7FC5C0F30B}.Release|x64.ActiveCfg = Release|Any CPU
		{951672FC-A4D6-4F42-98B6-2E7FC5C0F30B}.Release|x64.Build.0 = Release|Any CPU
		{951672FC-A4D6-4F42-98B6-2E7FC5C0F30B}.Release|x86.ActiveCfg = Release|Any CPU
		{951672FC-A4D6-4F42-98B6-2E7FC5C0F30B}.Release|x86.Build.0 = Release|Any CPU
		{1EB071BA-6152-40C6-981C-30FDBD6A3A8A}.Debug|Any CPU.ActiveCfg = Debug|Any CPU
		{1EB071BA-6152-40C6-981C-30FDBD6A3A8A}.Debug|Any CPU.Build.0 = Debug|Any CPU
		{1EB071BA-6152-40C6-981C-30FDBD6A3A8A}.Debug|x64.ActiveCfg = Debug|Any CPU
		{1EB071BA-6152-40C6-981C-30FDBD6A3A8A}.Debug|x64.Build.0 = Debug|Any CPU
		{1EB071BA-6152-40C6-981C-30FDBD6A3A8A}.Debug|x86.ActiveCfg = Debug|Any CPU
		{1EB071BA-6152-40C6-981C-30FDBD6A3A8A}.Debug|x86.Build.0 = Debug|Any CPU
		{1EB071BA-6152-40C6-981C-30FDBD6A3A8A}.Release|Any CPU.ActiveCfg = Release|Any CPU
		{1EB071BA-6152-40C6-981C-30FDBD6A3A8A}.Release|Any CPU.Build.0 = Release|Any CPU
		{1EB071BA-6152-40C6-981C-30FDBD6A3A8A}.Release|x64.ActiveCfg = Release|Any CPU
		{1EB071BA-6152-40C6-981C-30FDBD6A3A8A}.Release|x64.Build.0 = Release|Any CPU
		{1EB071BA-6152-40C6-981C-30FDBD6A3A8A}.Release|x86.ActiveCfg = Release|Any CPU
		{1EB071BA-6152-40C6-981C-30FDBD6A3A8A}.Release|x86.Build.0 = Release|Any CPU
	EndGlobalSection
	GlobalSection(SolutionProperties) = preSolution
		HideSolutionNode = FALSE
	EndGlobalSection
	GlobalSection(NestedProjects) = preSolution
		{1EB071BA-6152-40C6-981C-30FDBD6A3A8A} = {93DF4C7B-45E5-43C2-B505-25D8B8277019}
	EndGlobalSection
	GlobalSection(ExtensibilityGlobals) = postSolution
		SolutionGuid = {BFB340F9-747C-414C-8565-07081436BB36}
	EndGlobalSection
EndGlobal
